
Microsoft Visual Studio Solution File, Format Version 12.00
# Visual Studio Version 17
VisualStudioVersion = 17.9.34723.18
MinimumVisualStudioVersion = 10.0.40219.1
Project("{FAE04EC0-301F-11D3-BF4B-00C04F79EFBC}") = "WebAPI", "WebAPI\WebAPI.csproj", "{E2CA4B7A-EECF-4115-8FF1-A9ABF9BC3630}"
EndProject
Project("{FAE04EC0-301F-11D3-BF4B-00C04F79EFBC}") = "WebAPI.Tests", "WebAPI.Tests\WebAPI.Tests.csproj", "{FB09203A-1D95-45F2-87E7-A31F6CEE1C26}"
EndProject
Global
	GlobalSection(SolutionConfigurationPlatforms) = preSolution
		Debug|Any CPU = Debug|Any CPU
		Release|Any CPU = Release|Any CPU
	EndGlobalSection
	GlobalSection(ProjectConfigurationPlatforms) = postSolution
		{E2CA4B7A-EECF-4115-8FF1-A9ABF9BC3630}.Debug|Any CPU.ActiveCfg = Debug|Any CPU
		{E2CA4B7A-EECF-4115-8FF1-A9ABF9BC3630}.Debug|Any CPU.Build.0 = Debug|Any CPU
		{E2CA4B7A-EECF-4115-8FF1-A9ABF9BC3630}.Release|Any CPU.ActiveCfg = Release|Any CPU
		{E2CA4B7A-EECF-4115-8FF1-A9ABF9BC3630}.Release|Any CPU.Build.0 = Release|Any CPU
		{FB09203A-1D95-45F2-87E7-A31F6CEE1C26}.Debug|Any CPU.ActiveCfg = Debug|Any CPU
		{FB09203A-1D95-45F2-87E7-A31F6CEE1C26}.Debug|Any CPU.Build.0 = Debug|Any CPU
		{FB09203A-1D95-45F2-87E7-A31F6CEE1C26}.Release|Any CPU.ActiveCfg = Release|Any CPU
		{FB09203A-1D95-45F2-87E7-A31F6CEE1C26}.Release|Any CPU.Build.0 = Release|Any CPU
	EndGlobalSection
	GlobalSection(SolutionProperties) = preSolution
		HideSolutionNode = FALSE
	EndGlobalSection
	GlobalSection(ExtensibilityGlobals) = postSolution
		SolutionGuid = {5F9832D6-AD8F-46CA-B84D-4BE9E7A6AD78}
	EndGlobalSection
EndGlobal
